
Microsoft Visual Studio Solution File, Format Version 12.00
# Visual Studio Version 16
VisualStudioVersion = 16.0.30225.117
MinimumVisualStudioVersion = 10.0.40219.1
Project("{FAE04EC0-301F-11D3-BF4B-00C04F79EFBC}") = "FullFrameworkAspNetWebFormsTesting", "FullFrameworkAspNetWebFormsTesting\FullFrameworkAspNetWebFormsTesting.csproj", "{80C8CD8C-BD3E-49A5-B171-2BAF176C4838}"
EndProject
Global
	GlobalSection(SolutionConfigurationPlatforms) = preSolution
		Debug|Any CPU = Debug|Any CPU
		Release|Any CPU = Release|Any CPU
	EndGlobalSection
	GlobalSection(ProjectConfigurationPlatforms) = postSolution
		{80C8CD8C-BD3E-49A5-B171-2BAF176C4838}.Debug|Any CPU.ActiveCfg = Debug|Any CPU
		{80C8CD8C-BD3E-49A5-B171-2BAF176C4838}.Debug|Any CPU.Build.0 = Debug|Any CPU
		{80C8CD8C-BD3E-49A5-B171-2BAF176C4838}.Release|Any CPU.ActiveCfg = Release|Any CPU
		{80C8CD8C-BD3E-49A5-B171-2BAF176C4838}.Release|Any CPU.Build.0 = Release|Any CPU
	EndGlobalSection
	GlobalSection(SolutionProperties) = preSolution
		HideSolutionNode = FALSE
	EndGlobalSection
	GlobalSection(ExtensibilityGlobals) = postSolution
		SolutionGuid = {95A0970E-F016-4CBB-B15E-B1556C4F3E26}
	EndGlobalSection
EndGlobal
